// !$*UTF8*$!
{
	archiveVersion = 1;
	classes = {
	};
	objectVersion = 51;
	objects = {

/* Begin PBXBuildFile section */
		1833E8E926D0031800675E85 /* FadeEnabledBtn.swift in Sources */ = {isa = PBXBuildFile; fileRef = 1833E8E826D0031800675E85 /* FadeEnabledBtn.swift */; };
		1833E8EC26D00AA000675E85 /* HomeworldVC.swift in Sources */ = {isa = PBXBuildFile; fileRef = 1833E8EB26D00AA000675E85 /* HomeworldVC.swift */; };
		1833E8EF26D00AC500675E85 /* VehiclesVC.swift in Sources */ = {isa = PBXBuildFile; fileRef = 1833E8EE26D00AC500675E85 /* VehiclesVC.swift */; };
		1833E8F226D00AEB00675E85 /* StarshipsVC.swift in Sources */ = {isa = PBXBuildFile; fileRef = 1833E8F126D00AEB00675E85 /* StarshipsVC.swift */; };
		1833E8F526D00B0000675E85 /* FilmsVC.swift in Sources */ = {isa = PBXBuildFile; fileRef = 1833E8F426D00B0000675E85 /* FilmsVC.swift */; };
		18445CF726C55CE100C41D12 /* Person.swift in Sources */ = {isa = PBXBuildFile; fileRef = 18445CF626C55CE100C41D12 /* Person.swift */; };
		186E1EAB26C3AA4400678960 /* BlackBgView.swift in Sources */ = {isa = PBXBuildFile; fileRef = 186E1EAA26C3AA4400678960 /* BlackBgView.swift */; };
		186E1EAF26C3ABA200678960 /* Constants.swift in Sources */ = {isa = PBXBuildFile; fileRef = 186E1EAE26C3ABA200678960 /* Constants.swift */; };
		186E1EB426C3E4EF00678960 /* PersonApi.swift in Sources */ = {isa = PBXBuildFile; fileRef = 186E1EB326C3E4EF00678960 /* PersonApi.swift */; };
		18972BE226C2A87D00F6AACD /* AppDelegate.swift in Sources */ = {isa = PBXBuildFile; fileRef = 18972BE126C2A87D00F6AACD /* AppDelegate.swift */; };
		18972BE426C2A87D00F6AACD /* SceneDelegate.swift in Sources */ = {isa = PBXBuildFile; fileRef = 18972BE326C2A87D00F6AACD /* SceneDelegate.swift */; };
		18972BE626C2A87D00F6AACD /* SelectPersonVC.swift in Sources */ = {isa = PBXBuildFile; fileRef = 18972BE526C2A87D00F6AACD /* SelectPersonVC.swift */; };
		18972BE926C2A87D00F6AACD /* Main.storyboard in Resources */ = {isa = PBXBuildFile; fileRef = 18972BE726C2A87D00F6AACD /* Main.storyboard */; };
		18972BEB26C2A87F00F6AACD /* Assets.xcassets in Resources */ = {isa = PBXBuildFile; fileRef = 18972BEA26C2A87F00F6AACD /* Assets.xcassets */; };
		18972BEE26C2A87F00F6AACD /* LaunchScreen.storyboard in Resources */ = {isa = PBXBuildFile; fileRef = 18972BEC26C2A87F00F6AACD /* LaunchScreen.storyboard */; };
		18972BFA26C2B1CD00F6AACD /* Starjout.ttf in Resources */ = {isa = PBXBuildFile; fileRef = 18972BF726C2B1CD00F6AACD /* Starjout.ttf */; };
		18972BFB26C2B1CD00F6AACD /* Starjedi.ttf in Resources */ = {isa = PBXBuildFile; fileRef = 18972BF826C2B1CD00F6AACD /* Starjedi.ttf */; };
		18972BFC26C2B1CD00F6AACD /* Starjhol.ttf in Resources */ = {isa = PBXBuildFile; fileRef = 18972BF926C2B1CD00F6AACD /* Starjhol.ttf */; };
		5226C77759DCF28B4435ACFB /* Pods_StarTrivia.framework in Frameworks */ = {isa = PBXBuildFile; fileRef = 7E516A4CE413C303E8AFC63B /* Pods_StarTrivia.framework */; };
/* End PBXBuildFile section */

/* Begin PBXFileReference section */
		1833E8E826D0031800675E85 /* FadeEnabledBtn.swift */ = {isa = PBXFileReference; lastKnownFileType = sourcecode.swift; path = FadeEnabledBtn.swift; sourceTree = "<group>"; };
		1833E8EB26D00AA000675E85 /* HomeworldVC.swift */ = {isa = PBXFileReference; lastKnownFileType = sourcecode.swift; path = HomeworldVC.swift; sourceTree = "<group>"; };
		1833E8EE26D00AC500675E85 /* VehiclesVC.swift */ = {isa = PBXFileReference; lastKnownFileType = sourcecode.swift; path = VehiclesVC.swift; sourceTree = "<group>"; };
		1833E8F126D00AEB00675E85 /* StarshipsVC.swift */ = {isa = PBXFileReference; lastKnownFileType = sourcecode.swift; path = StarshipsVC.swift; sourceTree = "<group>"; };
		1833E8F426D00B0000675E85 /* FilmsVC.swift */ = {isa = PBXFileReference; lastKnownFileType = sourcecode.swift; path = FilmsVC.swift; sourceTree = "<group>"; };
		18445CF626C55CE100C41D12 /* Person.swift */ = {isa = PBXFileReference; lastKnownFileType = sourcecode.swift; path = Person.swift; sourceTree = "<group>"; };
		186E1EAA26C3AA4400678960 /* BlackBgView.swift */ = {isa = PBXFileReference; lastKnownFileType = sourcecode.swift; path = BlackBgView.swift; sourceTree = "<group>"; };
		186E1EAE26C3ABA200678960 /* Constants.swift */ = {isa = PBXFileReference; lastKnownFileType = sourcecode.swift; path = Constants.swift; sourceTree = "<group>"; };
		186E1EB326C3E4EF00678960 /* PersonApi.swift */ = {isa = PBXFileReference; lastKnownFileType = sourcecode.swift; path = PersonApi.swift; sourceTree = "<group>"; };
		18972BDE26C2A87D00F6AACD /* StarTrivia.app */ = {isa = PBXFileReference; explicitFileType = wrapper.application; includeInIndex = 0; path = StarTrivia.app; sourceTree = BUILT_PRODUCTS_DIR; };
		18972BE126C2A87D00F6AACD /* AppDelegate.swift */ = {isa = PBXFileReference; lastKnownFileType = sourcecode.swift; path = AppDelegate.swift; sourceTree = "<group>"; };
		18972BE326C2A87D00F6AACD /* SceneDelegate.swift */ = {isa = PBXFileReference; lastKnownFileType = sourcecode.swift; path = SceneDelegate.swift; sourceTree = "<group>"; };
		18972BE526C2A87D00F6AACD /* SelectPersonVC.swift */ = {isa = PBXFileReference; lastKnownFileType = sourcecode.swift; path = SelectPersonVC.swift; sourceTree = "<group>"; };
		18972BE826C2A87D00F6AACD /* Base */ = {isa = PBXFileReference; lastKnownFileType = file.storyboard; name = Base; path = Base.lproj/Main.storyboard; sourceTree = "<group>"; };
		18972BEA26C2A87F00F6AACD /* Assets.xcassets */ = {isa = PBXFileReference; lastKnownFileType = folder.assetcatalog; path = Assets.xcassets; sourceTree = "<group>"; };
		18972BED26C2A87F00F6AACD /* Base */ = {isa = PBXFileReference; lastKnownFileType = file.storyboard; name = Base; path = Base.lproj/LaunchScreen.storyboard; sourceTree = "<group>"; };
		18972BEF26C2A87F00F6AACD /* Info.plist */ = {isa = PBXFileReference; lastKnownFileType = text.plist.xml; path = Info.plist; sourceTree = "<group>"; };
		18972BF726C2B1CD00F6AACD /* Starjout.ttf */ = {isa = PBXFileReference; lastKnownFileType = file; path = Starjout.ttf; sourceTree = "<group>"; };
		18972BF826C2B1CD00F6AACD /* Starjedi.ttf */ = {isa = PBXFileReference; lastKnownFileType = file; path = Starjedi.ttf; sourceTree = "<group>"; };
		18972BF926C2B1CD00F6AACD /* Starjhol.ttf */ = {isa = PBXFileReference; lastKnownFileType = file; path = Starjhol.ttf; sourceTree = "<group>"; };
		7E516A4CE413C303E8AFC63B /* Pods_StarTrivia.framework */ = {isa = PBXFileReference; explicitFileType = wrapper.framework; includeInIndex = 0; path = Pods_StarTrivia.framework; sourceTree = BUILT_PRODUCTS_DIR; };
		8E76B9EB028E854BE8CCD030 /* Pods-StarTrivia.debug.xcconfig */ = {isa = PBXFileReference; includeInIndex = 1; lastKnownFileType = text.xcconfig; name = "Pods-StarTrivia.debug.xcconfig"; path = "Target Support Files/Pods-StarTrivia/Pods-StarTrivia.debug.xcconfig"; sourceTree = "<group>"; };
		D3961CEF9014E729BEC4E925 /* Pods-StarTrivia.release.xcconfig */ = {isa = PBXFileReference; includeInIndex = 1; lastKnownFileType = text.xcconfig; name = "Pods-StarTrivia.release.xcconfig"; path = "Target Support Files/Pods-StarTrivia/Pods-StarTrivia.release.xcconfig"; sourceTree = "<group>"; };
/* End PBXFileReference section */

/* Begin PBXFrameworksBuildPhase section */
		18972BDB26C2A87D00F6AACD /* Frameworks */ = {
			isa = PBXFrameworksBuildPhase;
			buildActionMask = 2147483647;
			files = (
				5226C77759DCF28B4435ACFB /* Pods_StarTrivia.framework in Frameworks */,
			);
			runOnlyForDeploymentPostprocessing = 0;
		};
/* End PBXFrameworksBuildPhase section */

/* Begin PBXGroup section */
		186E1EAD26C3AB7300678960 /* Utils */ = {
			isa = PBXGroup;
			children = (
				186E1EAE26C3ABA200678960 /* Constants.swift */,
			);
			path = Utils;
			sourceTree = "<group>";
		};
		186E1EB226C3E4AE00678960 /* Services */ = {
			isa = PBXGroup;
			children = (
				186E1EB326C3E4EF00678960 /* PersonApi.swift */,
			);
			path = Services;
			sourceTree = "<group>";
		};
		18972BD526C2A87D00F6AACD = {
			isa = PBXGroup;
			children = (
				18972BE026C2A87D00F6AACD /* StarTrivia */,
				18972BDF26C2A87D00F6AACD /* Products */,
				A35D8D3104101BEEEA8F8C39 /* Pods */,
				43FF5F3F620494B94344D415 /* Frameworks */,
			);
			sourceTree = "<group>";
		};
		18972BDF26C2A87D00F6AACD /* Products */ = {
			isa = PBXGroup;
			children = (
				18972BDE26C2A87D00F6AACD /* StarTrivia.app */,
			);
			name = Products;
			sourceTree = "<group>";
		};
		18972BE026C2A87D00F6AACD /* StarTrivia */ = {
			isa = PBXGroup;
			children = (
				18972C0226C2B26200F6AACD /* Model */,
				18972C0126C2B25000F6AACD /* View */,
				18972C0026C2B23300F6AACD /* Controller */,
				18972BE126C2A87D00F6AACD /* AppDelegate.swift */,
				18972BE326C2A87D00F6AACD /* SceneDelegate.swift */,
				18972BE726C2A87D00F6AACD /* Main.storyboard */,
				186E1EB226C3E4AE00678960 /* Services */,
				186E1EAD26C3AB7300678960 /* Utils */,
				18972BFF26C2B1ED00F6AACD /* Resources */,
				18972BEA26C2A87F00F6AACD /* Assets.xcassets */,
				18972BEC26C2A87F00F6AACD /* LaunchScreen.storyboard */,
				18972BEF26C2A87F00F6AACD /* Info.plist */,
			);
			path = StarTrivia;
			sourceTree = "<group>";
		};
		18972BFE26C2B1D500F6AACD /* Fonts */ = {
			isa = PBXGroup;
			children = (
				18972BF826C2B1CD00F6AACD /* Starjedi.ttf */,
				18972BF926C2B1CD00F6AACD /* Starjhol.ttf */,
				18972BF726C2B1CD00F6AACD /* Starjout.ttf */,
			);
			path = Fonts;
			sourceTree = "<group>";
		};
		18972BFF26C2B1ED00F6AACD /* Resources */ = {
			isa = PBXGroup;
			children = (
				18972BFE26C2B1D500F6AACD /* Fonts */,
			);
			path = Resources;
			sourceTree = "<group>";
		};
		18972C0026C2B23300F6AACD /* Controller */ = {
			isa = PBXGroup;
			children = (
				18972BE526C2A87D00F6AACD /* SelectPersonVC.swift */,
				1833E8EB26D00AA000675E85 /* HomeworldVC.swift */,
				1833E8EE26D00AC500675E85 /* VehiclesVC.swift */,
				1833E8F126D00AEB00675E85 /* StarshipsVC.swift */,
				1833E8F426D00B0000675E85 /* FilmsVC.swift */,
			);
			path = Controller;
			sourceTree = "<group>";
		};
		18972C0126C2B25000F6AACD /* View */ = {
			isa = PBXGroup;
			children = (
				186E1EAA26C3AA4400678960 /* BlackBgView.swift */,
				1833E8E826D0031800675E85 /* FadeEnabledBtn.swift */,
			);
			path = View;
			sourceTree = "<group>";
		};
		18972C0226C2B26200F6AACD /* Model */ = {
			isa = PBXGroup;
			children = (
				18445CF626C55CE100C41D12 /* Person.swift */,
			);
			path = Model;
			sourceTree = "<group>";
		};
		43FF5F3F620494B94344D415 /* Frameworks */ = {
			isa = PBXGroup;
			children = (
				7E516A4CE413C303E8AFC63B /* Pods_StarTrivia.framework */,
			);
			name = Frameworks;
			sourceTree = "<group>";
		};
		A35D8D3104101BEEEA8F8C39 /* Pods */ = {
			isa = PBXGroup;
			children = (
				8E76B9EB028E854BE8CCD030 /* Pods-StarTrivia.debug.xcconfig */,
				D3961CEF9014E729BEC4E925 /* Pods-StarTrivia.release.xcconfig */,
			);
			path = Pods;
			sourceTree = "<group>";
		};
/* End PBXGroup section */

/* Begin PBXNativeTarget section */
		18972BDD26C2A87D00F6AACD /* StarTrivia */ = {
			isa = PBXNativeTarget;
			buildConfigurationList = 18972BF226C2A87F00F6AACD /* Build configuration list for PBXNativeTarget "StarTrivia" */;
			buildPhases = (
				313D7A428CB1AB71DAD802EB /* [CP] Check Pods Manifest.lock */,
				18972BDA26C2A87D00F6AACD /* Sources */,
				18972BDB26C2A87D00F6AACD /* Frameworks */,
				18972BDC26C2A87D00F6AACD /* Resources */,
				0D618286458E758FE2845060 /* [CP] Embed Pods Frameworks */,
			);
			buildRules = (
			);
			dependencies = (
			);
			name = StarTrivia;
			productName = StarTrivia;
			productReference = 18972BDE26C2A87D00F6AACD /* StarTrivia.app */;
			productType = "com.apple.product-type.application";
		};
/* End PBXNativeTarget section */

/* Begin PBXProject section */
		18972BD626C2A87D00F6AACD /* Project object */ = {
			isa = PBXProject;
			attributes = {
				LastSwiftUpdateCheck = 1200;
				LastUpgradeCheck = 1200;
				TargetAttributes = {
					18972BDD26C2A87D00F6AACD = {
						CreatedOnToolsVersion = 12.0.1;
					};
				};
			};
			buildConfigurationList = 18972BD926C2A87D00F6AACD /* Build configuration list for PBXProject "StarTrivia" */;
			compatibilityVersion = "Xcode 9.3";
			developmentRegion = en;
			hasScannedForEncodings = 0;
			knownRegions = (
				en,
				Base,
			);
			mainGroup = 18972BD526C2A87D00F6AACD;
			productRefGroup = 18972BDF26C2A87D00F6AACD /* Products */;
			projectDirPath = "";
			projectRoot = "";
			targets = (
				18972BDD26C2A87D00F6AACD /* StarTrivia */,
			);
		};
/* End PBXProject section */

/* Begin PBXResourcesBuildPhase section */
		18972BDC26C2A87D00F6AACD /* Resources */ = {
			isa = PBXResourcesBuildPhase;
			buildActionMask = 2147483647;
			files = (
				18972BFA26C2B1CD00F6AACD /* Starjout.ttf in Resources */,
				18972BFC26C2B1CD00F6AACD /* Starjhol.ttf in Resources */,
				18972BEE26C2A87F00F6AACD /* LaunchScreen.storyboard in Resources */,
				18972BEB26C2A87F00F6AACD /* Assets.xcassets in Resources */,
				18972BFB26C2B1CD00F6AACD /* Starjedi.ttf in Resources */,
				18972BE926C2A87D00F6AACD /* Main.storyboard in Resources */,
			);
			runOnlyForDeploymentPostprocessing = 0;
		};
/* End PBXResourcesBuildPhase section */

/* Begin PBXShellScriptBuildPhase section */
		0D618286458E758FE2845060 /* [CP] Embed Pods Frameworks */ = {
			isa = PBXShellScriptBuildPhase;
			buildActionMask = 2147483647;
			files = (
			);
			inputFileListPaths = (
				"${PODS_ROOT}/Target Support Files/Pods-StarTrivia/Pods-StarTrivia-frameworks-${CONFIGURATION}-input-files.xcfilelist",
			);
			name = "[CP] Embed Pods Frameworks";
			outputFileListPaths = (
				"${PODS_ROOT}/Target Support Files/Pods-StarTrivia/Pods-StarTrivia-frameworks-${CONFIGURATION}-output-files.xcfilelist",
			);
			runOnlyForDeploymentPostprocessing = 0;
			shellPath = /bin/sh;
			shellScript = "\"${PODS_ROOT}/Target Support Files/Pods-StarTrivia/Pods-StarTrivia-frameworks.sh\"\n";
			showEnvVarsInLog = 0;
		};
		313D7A428CB1AB71DAD802EB /* [CP] Check Pods Manifest.lock */ = {
			isa = PBXShellScriptBuildPhase;
			buildActionMask = 2147483647;
			files = (
			);
			inputFileListPaths = (
			);
			inputPaths = (
				"${PODS_PODFILE_DIR_PATH}/Podfile.lock",
				"${PODS_ROOT}/Manifest.lock",
			);
			name = "[CP] Check Pods Manifest.lock";
			outputFileListPaths = (
			);
			outputPaths = (
				"$(DERIVED_FILE_DIR)/Pods-StarTrivia-checkManifestLockResult.txt",
			);
			runOnlyForDeploymentPostprocessing = 0;
			shellPath = /bin/sh;
			shellScript = "diff \"${PODS_PODFILE_DIR_PATH}/Podfile.lock\" \"${PODS_ROOT}/Manifest.lock\" > /dev/null\nif [ $? != 0 ] ; then\n    # print error to STDERR\n    echo \"error: The sandbox is not in sync with the Podfile.lock. Run 'pod install' or update your CocoaPods installation.\" >&2\n    exit 1\nfi\n# This output is used by Xcode 'outputs' to avoid re-running this script phase.\necho \"SUCCESS\" > \"${SCRIPT_OUTPUT_FILE_0}\"\n";
			showEnvVarsInLog = 0;
		};
/* End PBXShellScriptBuildPhase section */

/* Begin PBXSourcesBuildPhase section */
		18972BDA26C2A87D00F6AACD /* Sources */ = {
			isa = PBXSourcesBuildPhase;
			buildActionMask = 2147483647;
			files = (
				1833E8F526D00B0000675E85 /* FilmsVC.swift in Sources */,
				186E1EAF26C3ABA200678960 /* Constants.swift in Sources */,
				186E1EB426C3E4EF00678960 /* PersonApi.swift in Sources */,
				18972BE626C2A87D00F6AACD /* SelectPersonVC.swift in Sources */,
				1833E8EF26D00AC500675E85 /* VehiclesVC.swift in Sources */,
				1833E8EC26D00AA000675E85 /* HomeworldVC.swift in Sources */,
				186E1EAB26C3AA4400678960 /* BlackBgView.swift in Sources */,
				1833E8F226D00AEB00675E85 /* StarshipsVC.swift in Sources */,
				18445CF726C55CE100C41D12 /* Person.swift in Sources */,
				18972BE226C2A87D00F6AACD /* AppDelegate.swift in Sources */,
				1833E8E926D0031800675E85 /* FadeEnabledBtn.swift in Sources */,
				18972BE426C2A87D00F6AACD /* SceneDelegate.swift in Sources */,
			);
			runOnlyForDeploymentPostprocessing = 0;
		};
/* End PBXSourcesBuildPhase section */

/* Begin PBXVariantGroup section */
		18972BE726C2A87D00F6AACD /* Main.storyboard */ = {
			isa = PBXVariantGroup;
			children = (
				18972BE826C2A87D00F6AACD /* Base */,
			);
			name = Main.storyboard;
			sourceTree = "<group>";
		};
		18972BEC26C2A87F00F6AACD /* LaunchScreen.storyboard */ = {
			isa = PBXVariantGroup;
			children = (
				18972BED26C2A87F00F6AACD /* Base */,
			);
			name = LaunchScreen.storyboard;
			sourceTree = "<group>";
		};
/* End PBXVariantGroup section */

/* Begin XCBuildConfiguration section */
		18972BF026C2A87F00F6AACD /* Debug */ = {
			isa = XCBuildConfiguration;
			buildSettings = {
				ALWAYS_SEARCH_USER_PATHS = NO;
				CLANG_ANALYZER_NONNULL = YES;
				CLANG_ANALYZER_NUMBER_OBJECT_CONVERSION = YES_AGGRESSIVE;
				CLANG_CXX_LANGUAGE_STANDARD = "gnu++14";
				CLANG_CXX_LIBRARY = "libc++";
				CLANG_ENABLE_MODULES = YES;
				CLANG_ENABLE_OBJC_ARC = YES;
				CLANG_ENABLE_OBJC_WEAK = YES;
				CLANG_WARN_BLOCK_CAPTURE_AUTORELEASING = YES;
				CLANG_WARN_BOOL_CONVERSION = YES;
				CLANG_WARN_COMMA = YES;
				CLANG_WARN_CONSTANT_CONVERSION = YES;
				CLANG_WARN_DEPRECATED_OBJC_IMPLEMENTATIONS = YES;
				CLANG_WARN_DIRECT_OBJC_ISA_USAGE = YES_ERROR;
				CLANG_WARN_DOCUMENTATION_COMMENTS = YES;
				CLANG_WARN_EMPTY_BODY = YES;
				CLANG_WARN_ENUM_CONVERSION = YES;
				CLANG_WARN_INFINITE_RECURSION = YES;
				CLANG_WARN_INT_CONVERSION = YES;
				CLANG_WARN_NON_LITERAL_NULL_CONVERSION = YES;
				CLANG_WARN_OBJC_IMPLICIT_RETAIN_SELF = YES;
				CLANG_WARN_OBJC_LITERAL_CONVERSION = YES;
				CLANG_WARN_OBJC_ROOT_CLASS = YES_ERROR;
				CLANG_WARN_QUOTED_INCLUDE_IN_FRAMEWORK_HEADER = YES;
				CLANG_WARN_RANGE_LOOP_ANALYSIS = YES;
				CLANG_WARN_STRICT_PROTOTYPES = YES;
				CLANG_WARN_SUSPICIOUS_MOVE = YES;
				CLANG_WARN_UNGUARDED_AVAILABILITY = YES_AGGRESSIVE;
				CLANG_WARN_UNREACHABLE_CODE = YES;
				CLANG_WARN__DUPLICATE_METHOD_MATCH = YES;
				COPY_PHASE_STRIP = NO;
				DEBUG_INFORMATION_FORMAT = dwarf;
				ENABLE_STRICT_OBJC_MSGSEND = YES;
				ENABLE_TESTABILITY = YES;
				GCC_C_LANGUAGE_STANDARD = gnu11;
				GCC_DYNAMIC_NO_PIC = NO;
				GCC_NO_COMMON_BLOCKS = YES;
				GCC_OPTIMIZATION_LEVEL = 0;
				GCC_PREPROCESSOR_DEFINITIONS = (
					"DEBUG=1",
					"$(inherited)",
				);
				GCC_WARN_64_TO_32_BIT_CONVERSION = YES;
				GCC_WARN_ABOUT_RETURN_TYPE = YES_ERROR;
				GCC_WARN_UNDECLARED_SELECTOR = YES;
				GCC_WARN_UNINITIALIZED_AUTOS = YES_AGGRESSIVE;
				GCC_WARN_UNUSED_FUNCTION = YES;
				GCC_WARN_UNUSED_VARIABLE = YES;
				IPHONEOS_DEPLOYMENT_TARGET = 14.0;
				MTL_ENABLE_DEBUG_INFO = INCLUDE_SOURCE;
				MTL_FAST_MATH = YES;
				ONLY_ACTIVE_ARCH = YES;
				SDKROOT = iphoneos;
				SWIFT_ACTIVE_COMPILATION_CONDITIONS = DEBUG;
				SWIFT_OPTIMIZATION_LEVEL = "-Onone";
			};
			name = Debug;
		};
		18972BF126C2A87F00F6AACD /* Release */ = {
			isa = XCBuildConfiguration;
			buildSettings = {
				ALWAYS_SEARCH_USER_PATHS = NO;
				CLANG_ANALYZER_NONNULL = YES;
				CLANG_ANALYZER_NUMBER_OBJECT_CONVERSION = YES_AGGRESSIVE;
				CLANG_CXX_LANGUAGE_STANDARD = "gnu++14";
				CLANG_CXX_LIBRARY = "libc++";
				CLANG_ENABLE_MODULES = YES;
				CLANG_ENABLE_OBJC_ARC = YES;
				CLANG_ENABLE_OBJC_WEAK = YES;
				CLANG_WARN_BLOCK_CAPTURE_AUTORELEASING = YES;
				CLANG_WARN_BOOL_CONVERSION = YES;
				CLANG_WARN_COMMA = YES;
				CLANG_WARN_CONSTANT_CONVERSION = YES;
				CLANG_WARN_DEPRECATED_OBJC_IMPLEMENTATIONS = YES;
				CLANG_WARN_DIRECT_OBJC_ISA_USAGE = YES_ERROR;
				CLANG_WARN_DOCUMENTATION_COMMENTS = YES;
				CLANG_WARN_EMPTY_BODY = YES;
				CLANG_WARN_ENUM_CONVERSION = YES;
				CLANG_WARN_INFINITE_RECURSION = YES;
				CLANG_WARN_INT_CONVERSION = YES;
				CLANG_WARN_NON_LITERAL_NULL_CONVERSION = YES;
				CLANG_WARN_OBJC_IMPLICIT_RETAIN_SELF = YES;
				CLANG_WARN_OBJC_LITERAL_CONVERSION = YES;
				CLANG_WARN_OBJC_ROOT_CLASS = YES_ERROR;
				CLANG_WARN_QUOTED_INCLUDE_IN_FRAMEWORK_HEADER = YES;
				CLANG_WARN_RANGE_LOOP_ANALYSIS = YES;
				CLANG_WARN_STRICT_PROTOTYPES = YES;
				CLANG_WARN_SUSPICIOUS_MOVE = YES;
				CLANG_WARN_UNGUARDED_AVAILABILITY = YES_AGGRESSIVE;
				CLANG_WARN_UNREACHABLE_CODE = YES;
				CLANG_WARN__DUPLICATE_METHOD_MATCH = YES;
				COPY_PHASE_STRIP = NO;
				DEBUG_INFORMATION_FORMAT = "dwarf-with-dsym";
				ENABLE_NS_ASSERTIONS = NO;
				ENABLE_STRICT_OBJC_MSGSEND = YES;
				GCC_C_LANGUAGE_STANDARD = gnu11;
				GCC_NO_COMMON_BLOCKS = YES;
				GCC_WARN_64_TO_32_BIT_CONVERSION = YES;
				GCC_WARN_ABOUT_RETURN_TYPE = YES_ERROR;
				GCC_WARN_UNDECLARED_SELECTOR = YES;
				GCC_WARN_UNINITIALIZED_AUTOS = YES_AGGRESSIVE;
				GCC_WARN_UNUSED_FUNCTION = YES;
				GCC_WARN_UNUSED_VARIABLE = YES;
				IPHONEOS_DEPLOYMENT_TARGET = 14.0;
				MTL_ENABLE_DEBUG_INFO = NO;
				MTL_FAST_MATH = YES;
				SDKROOT = iphoneos;
				SWIFT_COMPILATION_MODE = wholemodule;
				SWIFT_OPTIMIZATION_LEVEL = "-O";
				VALIDATE_PRODUCT = YES;
			};
			name = Release;
		};
		18972BF326C2A87F00F6AACD /* Debug */ = {
			isa = XCBuildConfiguration;
			baseConfigurationReference = 8E76B9EB028E854BE8CCD030 /* Pods-StarTrivia.debug.xcconfig */;
			buildSettings = {
				ASSETCATALOG_COMPILER_APPICON_NAME = AppIcon;
				ASSETCATALOG_COMPILER_GLOBAL_ACCENT_COLOR_NAME = AccentColor;
				CODE_SIGN_STYLE = Automatic;
				INFOPLIST_FILE = StarTrivia/Info.plist;
				LD_RUNPATH_SEARCH_PATHS = (
					"$(inherited)",
					"@executable_path/Frameworks",
				);
				PRODUCT_BUNDLE_IDENTIFIER = demo.StarTrivia;
				PRODUCT_NAME = "$(TARGET_NAME)";
				SWIFT_VERSION = 5.0;
				TARGETED_DEVICE_FAMILY = "1,2";
			};
			name = Debug;
		};
		18972BF426C2A87F00F6AACD /* Release */ = {
			isa = XCBuildConfiguration;
			baseConfigurationReference = D3961CEF9014E729BEC4E925 /* Pods-StarTrivia.release.xcconfig */;
			buildSettings = {
				ASSETCATALOG_COMPILER_APPICON_NAME = AppIcon;
				ASSETCATALOG_COMPILER_GLOBAL_ACCENT_COLOR_NAME = AccentColor;
				CODE_SIGN_STYLE = Automatic;
				INFOPLIST_FILE = StarTrivia/Info.plist;
				LD_RUNPATH_SEARCH_PATHS = (
					"$(inherited)",
					"@executable_path/Frameworks",
				);
				PRODUCT_BUNDLE_IDENTIFIER = demo.StarTrivia;
				PRODUCT_NAME = "$(TARGET_NAME)";
				SWIFT_VERSION = 5.0;
				TARGETED_DEVICE_FAMILY = "1,2";
			};
			name = Release;
		};
/* End XCBuildConfiguration section */

/* Begin XCConfigurationList section */
		18972BD926C2A87D00F6AACD /* Build configuration list for PBXProject "StarTrivia" */ = {
			isa = XCConfigurationList;
			buildConfigurations = (
				18972BF026C2A87F00F6AACD /* Debug */,
				18972BF126C2A87F00F6AACD /* Release */,
			);
			defaultConfigurationIsVisible = 0;
			defaultConfigurationName = Release;
		};
		18972BF226C2A87F00F6AACD /* Build configuration list for PBXNativeTarget "StarTrivia" */ = {
			isa = XCConfigurationList;
			buildConfigurations = (
				18972BF326C2A87F00F6AACD /* Debug */,
				18972BF426C2A87F00F6AACD /* Release */,
			);
			defaultConfigurationIsVisible = 0;
			defaultConfigurationName = Release;
		};
/* End XCConfigurationList section */
	};
	rootObject = 18972BD626C2A87D00F6AACD /* Project object */;
}
